// !$*UTF8*$!
{
	archiveVersion = 1;
	classes = {
	};
	objectVersion = 55;
	objects = {

/* Begin PBXBuildFile section */
		AA4002FD27D71CE0009ECD16 /* AlbumCollectionViewCell.swift in Sources */ = {isa = PBXBuildFile; fileRef = AA4002FB27D71CE0009ECD16 /* AlbumCollectionViewCell.swift */; };
		AA4002FE27D71CE0009ECD16 /* AlbumCollectionViewCell.xib in Resources */ = {isa = PBXBuildFile; fileRef = AA4002FC27D71CE0009ECD16 /* AlbumCollectionViewCell.xib */; };
		AA40030227D7211C009ECD16 /* CommentsViewController.swift in Sources */ = {isa = PBXBuildFile; fileRef = AA40030027D7211C009ECD16 /* CommentsViewController.swift */; };
		AA40030327D7211C009ECD16 /* CommentsViewController.xib in Resources */ = {isa = PBXBuildFile; fileRef = AA40030127D7211C009ECD16 /* CommentsViewController.xib */; };
		AA40030527D72143009ECD16 /* CommentsInteractor.swift in Sources */ = {isa = PBXBuildFile; fileRef = AA40030427D72143009ECD16 /* CommentsInteractor.swift */; };
		AA40030727D72150009ECD16 /* CommentsPresenter.swift in Sources */ = {isa = PBXBuildFile; fileRef = AA40030627D72150009ECD16 /* CommentsPresenter.swift */; };
		AA40030927D7215F009ECD16 /* CommentsModels.swift in Sources */ = {isa = PBXBuildFile; fileRef = AA40030827D7215F009ECD16 /* CommentsModels.swift */; };
		AA40030B27D7216C009ECD16 /* CommentsError.swift in Sources */ = {isa = PBXBuildFile; fileRef = AA40030A27D7216C009ECD16 /* CommentsError.swift */; };
		AA40030D27D7217B009ECD16 /* CommentsRouter.swift in Sources */ = {isa = PBXBuildFile; fileRef = AA40030C27D7217B009ECD16 /* CommentsRouter.swift */; };
		AA40031027D722F5009ECD16 /* CommentsApi.swift in Sources */ = {isa = PBXBuildFile; fileRef = AA40030F27D722F5009ECD16 /* CommentsApi.swift */; };
		AA40031227D72304009ECD16 /* CommentsEnpoint.swift in Sources */ = {isa = PBXBuildFile; fileRef = AA40031127D72304009ECD16 /* CommentsEnpoint.swift */; };
		AA40031627D79471009ECD16 /* UIImageView+LH.swift in Sources */ = {isa = PBXBuildFile; fileRef = AA40031527D79471009ECD16 /* UIImageView+LH.swift */; };
		AA40031827D79B37009ECD16 /* LHImageView.swift in Sources */ = {isa = PBXBuildFile; fileRef = AA40031727D79B37009ECD16 /* LHImageView.swift */; };
		AA40031A27D79B57009ECD16 /* LHView.swift in Sources */ = {isa = PBXBuildFile; fileRef = AA40031927D79B57009ECD16 /* LHView.swift */; };
		AA40031C27D7A12D009ECD16 /* UINavigationController+LH.swift in Sources */ = {isa = PBXBuildFile; fileRef = AA40031B27D7A12D009ECD16 /* UINavigationController+LH.swift */; };
		AA40032027D7A7B7009ECD16 /* CommentsTableViewCell.swift in Sources */ = {isa = PBXBuildFile; fileRef = AA40031E27D7A7B7009ECD16 /* CommentsTableViewCell.swift */; };
		AA40032127D7A7B7009ECD16 /* CommentsTableViewCell.xib in Resources */ = {isa = PBXBuildFile; fileRef = AA40031F27D7A7B7009ECD16 /* CommentsTableViewCell.xib */; };
		AA4B834527D6DEDD00445E5A /* AppDelegate.swift in Sources */ = {isa = PBXBuildFile; fileRef = AA4B834427D6DEDD00445E5A /* AppDelegate.swift */; };
		AA4B834727D6DEDD00445E5A /* SceneDelegate.swift in Sources */ = {isa = PBXBuildFile; fileRef = AA4B834627D6DEDD00445E5A /* SceneDelegate.swift */; };
		AA4B834927D6DEDD00445E5A /* BaseViewController.swift in Sources */ = {isa = PBXBuildFile; fileRef = AA4B834827D6DEDD00445E5A /* BaseViewController.swift */; };
		AA4B834C27D6DEDD00445E5A /* Main.storyboard in Resources */ = {isa = PBXBuildFile; fileRef = AA4B834A27D6DEDD00445E5A /* Main.storyboard */; };
		AA4B834E27D6DEDF00445E5A /* Assets.xcassets in Resources */ = {isa = PBXBuildFile; fileRef = AA4B834D27D6DEDF00445E5A /* Assets.xcassets */; };
		AA4B835127D6DEDF00445E5A /* LaunchScreen.storyboard in Resources */ = {isa = PBXBuildFile; fileRef = AA4B834F27D6DEDF00445E5A /* LaunchScreen.storyboard */; };
		AA4B836627D6E79600445E5A /* GeneralRoute.swift in Sources */ = {isa = PBXBuildFile; fileRef = AA4B836527D6E79600445E5A /* GeneralRoute.swift */; };
		AA4B836827D6E7DD00445E5A /* AppRouter.swift in Sources */ = {isa = PBXBuildFile; fileRef = AA4B836727D6E7DD00445E5A /* AppRouter.swift */; };
		AA4B836C27D6E88100445E5A /* HomeViewController.swift in Sources */ = {isa = PBXBuildFile; fileRef = AA4B836A27D6E88100445E5A /* HomeViewController.swift */; };
		AA4B836D27D6E88100445E5A /* HomeViewController.xib in Resources */ = {isa = PBXBuildFile; fileRef = AA4B836B27D6E88100445E5A /* HomeViewController.xib */; };
		AA4B836F27D6E8F300445E5A /* HomePresenter.swift in Sources */ = {isa = PBXBuildFile; fileRef = AA4B836E27D6E8F300445E5A /* HomePresenter.swift */; };
		AA4B837127D6E91D00445E5A /* HomeInteractor.swift in Sources */ = {isa = PBXBuildFile; fileRef = AA4B837027D6E91D00445E5A /* HomeInteractor.swift */; };
		AA4B837327D6E95500445E5A /* HomeModels.swift in Sources */ = {isa = PBXBuildFile; fileRef = AA4B837227D6E95400445E5A /* HomeModels.swift */; };
		AA4B837527D6E96800445E5A /* HomeError.swift in Sources */ = {isa = PBXBuildFile; fileRef = AA4B837427D6E96800445E5A /* HomeError.swift */; };
		AA4B837727D6E97700445E5A /* HomeRouter.swift in Sources */ = {isa = PBXBuildFile; fileRef = AA4B837627D6E97700445E5A /* HomeRouter.swift */; };
		AA4B837A27D6E9CF00445E5A /* HomeApi.swift in Sources */ = {isa = PBXBuildFile; fileRef = AA4B837927D6E9CF00445E5A /* HomeApi.swift */; };
		AA4B837C27D6E9E500445E5A /* HomeEnpoint.swift in Sources */ = {isa = PBXBuildFile; fileRef = AA4B837B27D6E9E500445E5A /* HomeEnpoint.swift */; };
		AA4B837E27D6E9FD00445E5A /* NetworkService.swift in Sources */ = {isa = PBXBuildFile; fileRef = AA4B837D27D6E9FD00445E5A /* NetworkService.swift */; };
		AA4B838027D6EAFA00445E5A /* CMSettings.swift in Sources */ = {isa = PBXBuildFile; fileRef = AA4B837F27D6EAFA00445E5A /* CMSettings.swift */; };
		AA4B838427D6F41500445E5A /* LoadingIndicatorViewController.swift in Sources */ = {isa = PBXBuildFile; fileRef = AA4B838227D6F41500445E5A /* LoadingIndicatorViewController.swift */; };
		AA4B838527D6F41500445E5A /* LoadingIndicatorViewController.xib in Resources */ = {isa = PBXBuildFile; fileRef = AA4B838327D6F41500445E5A /* LoadingIndicatorViewController.xib */; };
		AA4B838727D6F47200445E5A /* UIViewController+LH.swift in Sources */ = {isa = PBXBuildFile; fileRef = AA4B838627D6F47200445E5A /* UIViewController+LH.swift */; };
		AA4B838B27D6FD3A00445E5A /* PostTextField.swift in Sources */ = {isa = PBXBuildFile; fileRef = AA4B838A27D6FD3A00445E5A /* PostTextField.swift */; };
		AA4B839127D6FFA500445E5A /* HomePostTableViewCell.swift in Sources */ = {isa = PBXBuildFile; fileRef = AA4B838F27D6FFA500445E5A /* HomePostTableViewCell.swift */; };
		AA4B839227D6FFA500445E5A /* HomePostTableViewCell.xib in Resources */ = {isa = PBXBuildFile; fileRef = AA4B839027D6FFA500445E5A /* HomePostTableViewCell.xib */; };
		AA99286227D70DF6006286F6 /* AlbumViewController.swift in Sources */ = {isa = PBXBuildFile; fileRef = AA99286027D70DF6006286F6 /* AlbumViewController.swift */; };
		AA99286327D70DF6006286F6 /* AlbumViewController.xib in Resources */ = {isa = PBXBuildFile; fileRef = AA99286127D70DF6006286F6 /* AlbumViewController.xib */; };
		AA99286527D70E1B006286F6 /* AlbumPresenter.swift in Sources */ = {isa = PBXBuildFile; fileRef = AA99286427D70E1B006286F6 /* AlbumPresenter.swift */; };
		AA99286727D70E36006286F6 /* AlbumInteractor.swift in Sources */ = {isa = PBXBuildFile; fileRef = AA99286627D70E36006286F6 /* AlbumInteractor.swift */; };
		AA99286927D70E4B006286F6 /* AlbumModels.swift in Sources */ = {isa = PBXBuildFile; fileRef = AA99286827D70E4B006286F6 /* AlbumModels.swift */; };
		AA99286B27D70E5E006286F6 /* AlbumError.swift in Sources */ = {isa = PBXBuildFile; fileRef = AA99286A27D70E5E006286F6 /* AlbumError.swift */; };
		AA99286E27D70E79006286F6 /* AlbumRouter.swift in Sources */ = {isa = PBXBuildFile; fileRef = AA99286D27D70E79006286F6 /* AlbumRouter.swift */; };
		AA99287127D71095006286F6 /* AlbumApi.swift in Sources */ = {isa = PBXBuildFile; fileRef = AA99287027D71095006286F6 /* AlbumApi.swift */; };
		AA99287327D710A5006286F6 /* AlbumEnpoint.swift in Sources */ = {isa = PBXBuildFile; fileRef = AA99287227D710A5006286F6 /* AlbumEnpoint.swift */; };
		B80469F55F6FE48B06BDE2F8 /* Pods_TestPost.framework in Frameworks */ = {isa = PBXBuildFile; fileRef = 1C3FB648D20F0D2ACCA65533 /* Pods_TestPost.framework */; };
/* End PBXBuildFile section */

/* Begin PBXFileReference section */
		0C8DB1D654F00D6F13E9F699 /* Pods-TestPost.debug.xcconfig */ = {isa = PBXFileReference; includeInIndex = 1; lastKnownFileType = text.xcconfig; name = "Pods-TestPost.debug.xcconfig"; path = "Target Support Files/Pods-TestPost/Pods-TestPost.debug.xcconfig"; sourceTree = "<group>"; };
		1C3FB648D20F0D2ACCA65533 /* Pods_TestPost.framework */ = {isa = PBXFileReference; explicitFileType = wrapper.framework; includeInIndex = 0; path = Pods_TestPost.framework; sourceTree = BUILT_PRODUCTS_DIR; };
		6B12FBFA18FE471B1BE42613 /* Pods-TestPost.release.xcconfig */ = {isa = PBXFileReference; includeInIndex = 1; lastKnownFileType = text.xcconfig; name = "Pods-TestPost.release.xcconfig"; path = "Target Support Files/Pods-TestPost/Pods-TestPost.release.xcconfig"; sourceTree = "<group>"; };
		AA4002FB27D71CE0009ECD16 /* AlbumCollectionViewCell.swift */ = {isa = PBXFileReference; lastKnownFileType = sourcecode.swift; path = AlbumCollectionViewCell.swift; sourceTree = "<group>"; };
		AA4002FC27D71CE0009ECD16 /* AlbumCollectionViewCell.xib */ = {isa = PBXFileReference; lastKnownFileType = file.xib; path = AlbumCollectionViewCell.xib; sourceTree = "<group>"; };
		AA40030027D7211C009ECD16 /* CommentsViewController.swift */ = {isa = PBXFileReference; lastKnownFileType = sourcecode.swift; path = CommentsViewController.swift; sourceTree = "<group>"; };
		AA40030127D7211C009ECD16 /* CommentsViewController.xib */ = {isa = PBXFileReference; lastKnownFileType = file.xib; path = CommentsViewController.xib; sourceTree = "<group>"; };
		AA40030427D72143009ECD16 /* CommentsInteractor.swift */ = {isa = PBXFileReference; lastKnownFileType = sourcecode.swift; path = CommentsInteractor.swift; sourceTree = "<group>"; };
		AA40030627D72150009ECD16 /* CommentsPresenter.swift */ = {isa = PBXFileReference; lastKnownFileType = sourcecode.swift; path = CommentsPresenter.swift; sourceTree = "<group>"; };
		AA40030827D7215F009ECD16 /* CommentsModels.swift */ = {isa = PBXFileReference; lastKnownFileType = sourcecode.swift; path = CommentsModels.swift; sourceTree = "<group>"; };
		AA40030A27D7216C009ECD16 /* CommentsError.swift */ = {isa = PBXFileReference; lastKnownFileType = sourcecode.swift; path = CommentsError.swift; sourceTree = "<group>"; };
		AA40030C27D7217B009ECD16 /* CommentsRouter.swift */ = {isa = PBXFileReference; lastKnownFileType = sourcecode.swift; path = CommentsRouter.swift; sourceTree = "<group>"; };
		AA40030F27D722F5009ECD16 /* CommentsApi.swift */ = {isa = PBXFileReference; lastKnownFileType = sourcecode.swift; path = CommentsApi.swift; sourceTree = "<group>"; };
		AA40031127D72304009ECD16 /* CommentsEnpoint.swift */ = {isa = PBXFileReference; lastKnownFileType = sourcecode.swift; path = CommentsEnpoint.swift; sourceTree = "<group>"; };
		AA40031527D79471009ECD16 /* UIImageView+LH.swift */ = {isa = PBXFileReference; fileEncoding = 4; lastKnownFileType = sourcecode.swift; path = "UIImageView+LH.swift"; sourceTree = "<group>"; };
		AA40031727D79B37009ECD16 /* LHImageView.swift */ = {isa = PBXFileReference; fileEncoding = 4; lastKnownFileType = sourcecode.swift; name = LHImageView.swift; path = "../../../../lottohub-ios/LottoHub/Externals/UI/LHImageView.swift"; sourceTree = "<group>"; };
		AA40031927D79B57009ECD16 /* LHView.swift */ = {isa = PBXFileReference; fileEncoding = 4; lastKnownFileType = sourcecode.swift; path = LHView.swift; sourceTree = "<group>"; };
		AA40031B27D7A12D009ECD16 /* UINavigationController+LH.swift */ = {isa = PBXFileReference; fileEncoding = 4; lastKnownFileType = sourcecode.swift; path = "UINavigationController+LH.swift"; sourceTree = "<group>"; };
		AA40031E27D7A7B7009ECD16 /* CommentsTableViewCell.swift */ = {isa = PBXFileReference; lastKnownFileType = sourcecode.swift; path = CommentsTableViewCell.swift; sourceTree = "<group>"; };
		AA40031F27D7A7B7009ECD16 /* CommentsTableViewCell.xib */ = {isa = PBXFileReference; lastKnownFileType = file.xib; path = CommentsTableViewCell.xib; sourceTree = "<group>"; };
		AA4B834127D6DEDD00445E5A /* TestPost.app */ = {isa = PBXFileReference; explicitFileType = wrapper.application; includeInIndex = 0; path = TestPost.app; sourceTree = BUILT_PRODUCTS_DIR; };
		AA4B834427D6DEDD00445E5A /* AppDelegate.swift */ = {isa = PBXFileReference; lastKnownFileType = sourcecode.swift; path = AppDelegate.swift; sourceTree = "<group>"; };
		AA4B834627D6DEDD00445E5A /* SceneDelegate.swift */ = {isa = PBXFileReference; lastKnownFileType = sourcecode.swift; path = SceneDelegate.swift; sourceTree = "<group>"; };
		AA4B834827D6DEDD00445E5A /* BaseViewController.swift */ = {isa = PBXFileReference; lastKnownFileType = sourcecode.swift; path = BaseViewController.swift; sourceTree = "<group>"; };
		AA4B834B27D6DEDD00445E5A /* Base */ = {isa = PBXFileReference; lastKnownFileType = file.storyboard; name = Base; path = Base.lproj/Main.storyboard; sourceTree = "<group>"; };
		AA4B834D27D6DEDF00445E5A /* Assets.xcassets */ = {isa = PBXFileReference; lastKnownFileType = folder.assetcatalog; path = Assets.xcassets; sourceTree = "<group>"; };
		AA4B835027D6DEDF00445E5A /* Base */ = {isa = PBXFileReference; lastKnownFileType = file.storyboard; name = Base; path = Base.lproj/LaunchScreen.storyboard; sourceTree = "<group>"; };
		AA4B835227D6DEDF00445E5A /* Info.plist */ = {isa = PBXFileReference; lastKnownFileType = text.plist.xml; path = Info.plist; sourceTree = "<group>"; };
		AA4B836527D6E79600445E5A /* GeneralRoute.swift */ = {isa = PBXFileReference; lastKnownFileType = sourcecode.swift; path = GeneralRoute.swift; sourceTree = "<group>"; };
		AA4B836727D6E7DD00445E5A /* AppRouter.swift */ = {isa = PBXFileReference; lastKnownFileType = sourcecode.swift; path = AppRouter.swift; sourceTree = "<group>"; };
		AA4B836A27D6E88100445E5A /* HomeViewController.swift */ = {isa = PBXFileReference; lastKnownFileType = sourcecode.swift; path = HomeViewController.swift; sourceTree = "<group>"; };
		AA4B836B27D6E88100445E5A /* HomeViewController.xib */ = {isa = PBXFileReference; lastKnownFileType = file.xib; path = HomeViewController.xib; sourceTree = "<group>"; };
		AA4B836E27D6E8F300445E5A /* HomePresenter.swift */ = {isa = PBXFileReference; lastKnownFileType = sourcecode.swift; path = HomePresenter.swift; sourceTree = "<group>"; };
		AA4B837027D6E91D00445E5A /* HomeInteractor.swift */ = {isa = PBXFileReference; lastKnownFileType = sourcecode.swift; path = HomeInteractor.swift; sourceTree = "<group>"; };
		AA4B837227D6E95400445E5A /* HomeModels.swift */ = {isa = PBXFileReference; lastKnownFileType = sourcecode.swift; path = HomeModels.swift; sourceTree = "<group>"; };
		AA4B837427D6E96800445E5A /* HomeError.swift */ = {isa = PBXFileReference; lastKnownFileType = sourcecode.swift; path = HomeError.swift; sourceTree = "<group>"; };
		AA4B837627D6E97700445E5A /* HomeRouter.swift */ = {isa = PBXFileReference; lastKnownFileType = sourcecode.swift; path = HomeRouter.swift; sourceTree = "<group>"; };
		AA4B837927D6E9CF00445E5A /* HomeApi.swift */ = {isa = PBXFileReference; lastKnownFileType = sourcecode.swift; path = HomeApi.swift; sourceTree = "<group>"; };
		AA4B837B27D6E9E500445E5A /* HomeEnpoint.swift */ = {isa = PBXFileReference; lastKnownFileType = sourcecode.swift; path = HomeEnpoint.swift; sourceTree = "<group>"; };
		AA4B837D27D6E9FD00445E5A /* NetworkService.swift */ = {isa = PBXFileReference; lastKnownFileType = sourcecode.swift; path = NetworkService.swift; sourceTree = "<group>"; };
		AA4B837F27D6EAFA00445E5A /* CMSettings.swift */ = {isa = PBXFileReference; fileEncoding = 4; lastKnownFileType = sourcecode.swift; path = CMSettings.swift; sourceTree = "<group>"; };
		AA4B838227D6F41500445E5A /* LoadingIndicatorViewController.swift */ = {isa = PBXFileReference; fileEncoding = 4; lastKnownFileType = sourcecode.swift; path = LoadingIndicatorViewController.swift; sourceTree = "<group>"; };
		AA4B838327D6F41500445E5A /* LoadingIndicatorViewController.xib */ = {isa = PBXFileReference; fileEncoding = 4; lastKnownFileType = file.xib; path = LoadingIndicatorViewController.xib; sourceTree = "<group>"; };
		AA4B838627D6F47200445E5A /* UIViewController+LH.swift */ = {isa = PBXFileReference; fileEncoding = 4; lastKnownFileType = sourcecode.swift; path = "UIViewController+LH.swift"; sourceTree = "<group>"; };
		AA4B838A27D6FD3A00445E5A /* PostTextField.swift */ = {isa = PBXFileReference; fileEncoding = 4; lastKnownFileType = sourcecode.swift; path = PostTextField.swift; sourceTree = "<group>"; };
		AA4B838F27D6FFA500445E5A /* HomePostTableViewCell.swift */ = {isa = PBXFileReference; lastKnownFileType = sourcecode.swift; path = HomePostTableViewCell.swift; sourceTree = "<group>"; };
		AA4B839027D6FFA500445E5A /* HomePostTableViewCell.xib */ = {isa = PBXFileReference; lastKnownFileType = file.xib; path = HomePostTableViewCell.xib; sourceTree = "<group>"; };
		AA99286027D70DF6006286F6 /* AlbumViewController.swift */ = {isa = PBXFileReference; lastKnownFileType = sourcecode.swift; path = AlbumViewController.swift; sourceTree = "<group>"; };
		AA99286127D70DF6006286F6 /* AlbumViewController.xib */ = {isa = PBXFileReference; lastKnownFileType = file.xib; path = AlbumViewController.xib; sourceTree = "<group>"; };
		AA99286427D70E1B006286F6 /* AlbumPresenter.swift */ = {isa = PBXFileReference; lastKnownFileType = sourcecode.swift; path = AlbumPresenter.swift; sourceTree = "<group>"; };
		AA99286627D70E36006286F6 /* AlbumInteractor.swift */ = {isa = PBXFileReference; lastKnownFileType = sourcecode.swift; path = AlbumInteractor.swift; sourceTree = "<group>"; };
		AA99286827D70E4B006286F6 /* AlbumModels.swift */ = {isa = PBXFileReference; lastKnownFileType = sourcecode.swift; path = AlbumModels.swift; sourceTree = "<group>"; };
		AA99286A27D70E5E006286F6 /* AlbumError.swift */ = {isa = PBXFileReference; lastKnownFileType = sourcecode.swift; path = AlbumError.swift; sourceTree = "<group>"; };
		AA99286D27D70E79006286F6 /* AlbumRouter.swift */ = {isa = PBXFileReference; lastKnownFileType = sourcecode.swift; path = AlbumRouter.swift; sourceTree = "<group>"; };
		AA99287027D71095006286F6 /* AlbumApi.swift */ = {isa = PBXFileReference; lastKnownFileType = sourcecode.swift; path = AlbumApi.swift; sourceTree = "<group>"; };
		AA99287227D710A5006286F6 /* AlbumEnpoint.swift */ = {isa = PBXFileReference; lastKnownFileType = sourcecode.swift; path = AlbumEnpoint.swift; sourceTree = "<group>"; };
/* End PBXFileReference section */

/* Begin PBXFrameworksBuildPhase section */
		AA4B833E27D6DEDD00445E5A /* Frameworks */ = {
			isa = PBXFrameworksBuildPhase;
			buildActionMask = 2147483647;
			files = (
				B80469F55F6FE48B06BDE2F8 /* Pods_TestPost.framework in Frameworks */,
			);
			runOnlyForDeploymentPostprocessing = 0;
		};
/* End PBXFrameworksBuildPhase section */

/* Begin PBXGroup section */
		077AE23DC161CB7AC693EAFA /* Frameworks */ = {
			isa = PBXGroup;
			children = (
				1C3FB648D20F0D2ACCA65533 /* Pods_TestPost.framework */,
			);
			name = Frameworks;
			sourceTree = "<group>";
		};
		37058F74682F6F87523368E9 /* Pods */ = {
			isa = PBXGroup;
			children = (
				0C8DB1D654F00D6F13E9F699 /* Pods-TestPost.debug.xcconfig */,
				6B12FBFA18FE471B1BE42613 /* Pods-TestPost.release.xcconfig */,
			);
			path = Pods;
			sourceTree = "<group>";
		};
		AA4002FF27D720F5009ECD16 /* Comments */ = {
			isa = PBXGroup;
			children = (
				AA40031D27D7A78F009ECD16 /* Comments Cell */,
				AA40030C27D7217B009ECD16 /* CommentsRouter.swift */,
				AA40030A27D7216C009ECD16 /* CommentsError.swift */,
				AA40030827D7215F009ECD16 /* CommentsModels.swift */,
				AA40030627D72150009ECD16 /* CommentsPresenter.swift */,
				AA40030427D72143009ECD16 /* CommentsInteractor.swift */,
				AA40030027D7211C009ECD16 /* CommentsViewController.swift */,
				AA40030127D7211C009ECD16 /* CommentsViewController.xib */,
			);
			path = Comments;
			sourceTree = "<group>";
		};
		AA40030E27D722E4009ECD16 /* Comments */ = {
			isa = PBXGroup;
			children = (
				AA40031127D72304009ECD16 /* CommentsEnpoint.swift */,
				AA40030F27D722F5009ECD16 /* CommentsApi.swift */,
			);
			path = Comments;
			sourceTree = "<group>";
		};
		AA40031D27D7A78F009ECD16 /* Comments Cell */ = {
			isa = PBXGroup;
			children = (
				AA40031E27D7A7B7009ECD16 /* CommentsTableViewCell.swift */,
				AA40031F27D7A7B7009ECD16 /* CommentsTableViewCell.xib */,
			);
			path = "Comments Cell";
			sourceTree = "<group>";
		};
		AA4B833827D6DEDD00445E5A = {
			isa = PBXGroup;
			children = (
				AA4B834327D6DEDD00445E5A /* TestPost */,
				AA4B834227D6DEDD00445E5A /* Products */,
				37058F74682F6F87523368E9 /* Pods */,
				077AE23DC161CB7AC693EAFA /* Frameworks */,
			);
			sourceTree = "<group>";
		};
		AA4B834227D6DEDD00445E5A /* Products */ = {
			isa = PBXGroup;
			children = (
				AA4B834127D6DEDD00445E5A /* TestPost.app */,
			);
			name = Products;
			sourceTree = "<group>";
		};
		AA4B834327D6DEDD00445E5A /* TestPost */ = {
			isa = PBXGroup;
			children = (
				AA4B835C27D6E58C00445E5A /* Fundation */,
				AA4B835B27D6E58200445E5A /* Main */,
				AA4B835A27D6E57700445E5A /* Resources */,
				AA4B835927D6E1BA00445E5A /* Common */,
				AA4B835827D6E1AD00445E5A /* Scenes */,
				AA4B835227D6DEDF00445E5A /* Info.plist */,
			);
			path = TestPost;
			sourceTree = "<group>";
		};
		AA4B835827D6E1AD00445E5A /* Scenes */ = {
			isa = PBXGroup;
			children = (
				AA4002FF27D720F5009ECD16 /* Comments */,
				AA99285F27D70DA7006286F6 /* Album */,
				AA4B836927D6E84C00445E5A /* Home */,
			);
			path = Scenes;
			sourceTree = "<group>";
		};
		AA4B835927D6E1BA00445E5A /* Common */ = {
			isa = PBXGroup;
			children = (
				AA4B836427D6E75300445E5A /* Router */,
				AA4B836327D6E74900445E5A /* Models */,
				AA4B836227D6E73D00445E5A /* Services */,
			);
			path = Common;
			sourceTree = "<group>";
		};
		AA4B835A27D6E57700445E5A /* Resources */ = {
			isa = PBXGroup;
			children = (
				AA4B834A27D6DEDD00445E5A /* Main.storyboard */,
				AA4B834D27D6DEDF00445E5A /* Assets.xcassets */,
				AA4B834F27D6DEDF00445E5A /* LaunchScreen.storyboard */,
			);
			path = Resources;
			sourceTree = "<group>";
		};
		AA4B835B27D6E58200445E5A /* Main */ = {
			isa = PBXGroup;
			children = (
				AA4B834427D6DEDD00445E5A /* AppDelegate.swift */,
				AA4B834627D6DEDD00445E5A /* SceneDelegate.swift */,
				AA4B834827D6DEDD00445E5A /* BaseViewController.swift */,
			);
			path = Main;
			sourceTree = "<group>";
		};
		AA4B835C27D6E58C00445E5A /* Fundation */ = {
			isa = PBXGroup;
			children = (
				AA4B836027D6E5CD00445E5A /* Util */,
				AA4B835F27D6E5BF00445E5A /* Settings */,
				AA4B835E27D6E5AD00445E5A /* Extensions */,
				AA4B835D27D6E5A400445E5A /* UI */,
			);
			path = Fundation;
			sourceTree = "<group>";
		};
		AA4B835D27D6E5A400445E5A /* UI */ = {
			isa = PBXGroup;
			children = (
				AA4B838127D6F41500445E5A /* Loading Indicator */,
				AA4B838A27D6FD3A00445E5A /* PostTextField.swift */,
				AA40031727D79B37009ECD16 /* LHImageView.swift */,
				AA40031927D79B57009ECD16 /* LHView.swift */,
			);
			path = UI;
			sourceTree = "<group>";
		};
		AA4B835E27D6E5AD00445E5A /* Extensions */ = {
			isa = PBXGroup;
			children = (
				AA40031B27D7A12D009ECD16 /* UINavigationController+LH.swift */,
				AA4B838627D6F47200445E5A /* UIViewController+LH.swift */,
				AA40031527D79471009ECD16 /* UIImageView+LH.swift */,
			);
			path = Extensions;
			sourceTree = "<group>";
		};
		AA4B835F27D6E5BF00445E5A /* Settings */ = {
			isa = PBXGroup;
			children = (
				AA4B837F27D6EAFA00445E5A /* CMSettings.swift */,
			);
			path = Settings;
			sourceTree = "<group>";
		};
		AA4B836027D6E5CD00445E5A /* Util */ = {
			isa = PBXGroup;
			children = (
			);
			path = Util;
			sourceTree = "<group>";
		};
		AA4B836227D6E73D00445E5A /* Services */ = {
			isa = PBXGroup;
			children = (
				AA4B837D27D6E9FD00445E5A /* NetworkService.swift */,
				AA40030E27D722E4009ECD16 /* Comments */,
				AA99286F27D71084006286F6 /* Album */,
				AA4B837827D6E9BB00445E5A /* Home */,
			);
			path = Services;
			sourceTree = "<group>";
		};
		AA4B836327D6E74900445E5A /* Models */ = {
			isa = PBXGroup;
			children = (
			);
			path = Models;
			sourceTree = "<group>";
		};
		AA4B836427D6E75300445E5A /* Router */ = {
			isa = PBXGroup;
			children = (
				AA4B836727D6E7DD00445E5A /* AppRouter.swift */,
				AA4B836527D6E79600445E5A /* GeneralRoute.swift */,
			);
			path = Router;
			sourceTree = "<group>";
		};
		AA4B836927D6E84C00445E5A /* Home */ = {
			isa = PBXGroup;
			children = (
				AA4B838C27D6FF3F00445E5A /* Home Cell */,
				AA4B837627D6E97700445E5A /* HomeRouter.swift */,
				AA4B837427D6E96800445E5A /* HomeError.swift */,
				AA4B837227D6E95400445E5A /* HomeModels.swift */,
				AA4B837027D6E91D00445E5A /* HomeInteractor.swift */,
				AA4B836E27D6E8F300445E5A /* HomePresenter.swift */,
				AA4B836A27D6E88100445E5A /* HomeViewController.swift */,
				AA4B836B27D6E88100445E5A /* HomeViewController.xib */,
			);
			path = Home;
			sourceTree = "<group>";
		};
		AA4B837827D6E9BB00445E5A /* Home */ = {
			isa = PBXGroup;
			children = (
				AA4B837B27D6E9E500445E5A /* HomeEnpoint.swift */,
				AA4B837927D6E9CF00445E5A /* HomeApi.swift */,
			);
			path = Home;
			sourceTree = "<group>";
		};
		AA4B838127D6F41500445E5A /* Loading Indicator */ = {
			isa = PBXGroup;
			children = (
				AA4B838227D6F41500445E5A /* LoadingIndicatorViewController.swift */,
				AA4B838327D6F41500445E5A /* LoadingIndicatorViewController.xib */,
			);
			path = "Loading Indicator";
			sourceTree = "<group>";
		};
		AA4B838C27D6FF3F00445E5A /* Home Cell */ = {
			isa = PBXGroup;
			children = (
				AA4B838F27D6FFA500445E5A /* HomePostTableViewCell.swift */,
				AA4B839027D6FFA500445E5A /* HomePostTableViewCell.xib */,
			);
			path = "Home Cell";
			sourceTree = "<group>";
		};
		AA99285F27D70DA7006286F6 /* Album */ = {
			isa = PBXGroup;
			children = (
				AA99287427D71C26006286F6 /* Album Cell */,
				AA99286D27D70E79006286F6 /* AlbumRouter.swift */,
				AA99286A27D70E5E006286F6 /* AlbumError.swift */,
				AA99286827D70E4B006286F6 /* AlbumModels.swift */,
				AA99286627D70E36006286F6 /* AlbumInteractor.swift */,
				AA99286427D70E1B006286F6 /* AlbumPresenter.swift */,
				AA99286027D70DF6006286F6 /* AlbumViewController.swift */,
				AA99286127D70DF6006286F6 /* AlbumViewController.xib */,
			);
			path = Album;
			sourceTree = "<group>";
		};
		AA99286F27D71084006286F6 /* Album */ = {
			isa = PBXGroup;
			children = (
				AA99287227D710A5006286F6 /* AlbumEnpoint.swift */,
				AA99287027D71095006286F6 /* AlbumApi.swift */,
			);
			path = Album;
			sourceTree = "<group>";
		};
		AA99287427D71C26006286F6 /* Album Cell */ = {
			isa = PBXGroup;
			children = (
				AA4002FB27D71CE0009ECD16 /* AlbumCollectionViewCell.swift */,
				AA4002FC27D71CE0009ECD16 /* AlbumCollectionViewCell.xib */,
			);
			path = "Album Cell";
			sourceTree = "<group>";
		};
/* End PBXGroup section */

/* Begin PBXNativeTarget section */
		AA4B834027D6DEDD00445E5A /* TestPost */ = {
			isa = PBXNativeTarget;
			buildConfigurationList = AA4B835527D6DEDF00445E5A /* Build configuration list for PBXNativeTarget "TestPost" */;
			buildPhases = (
				7E3488680877DA9411C7E15C /* [CP] Check Pods Manifest.lock */,
				AA4B833D27D6DEDD00445E5A /* Sources */,
				AA4B833E27D6DEDD00445E5A /* Frameworks */,
				AA4B833F27D6DEDD00445E5A /* Resources */,
				85CE22EB490B6AEF83B7CFD5 /* [CP] Embed Pods Frameworks */,
			);
			buildRules = (
			);
			dependencies = (
			);
			name = TestPost;
			productName = TestPost;
			productReference = AA4B834127D6DEDD00445E5A /* TestPost.app */;
			productType = "com.apple.product-type.application";
		};
/* End PBXNativeTarget section */

/* Begin PBXProject section */
		AA4B833927D6DEDD00445E5A /* Project object */ = {
			isa = PBXProject;
			attributes = {
				BuildIndependentTargetsInParallel = 1;
				LastSwiftUpdateCheck = 1320;
				LastUpgradeCheck = 1320;
				TargetAttributes = {
					AA4B834027D6DEDD00445E5A = {
						CreatedOnToolsVersion = 13.2.1;
					};
				};
			};
			buildConfigurationList = AA4B833C27D6DEDD00445E5A /* Build configuration list for PBXProject "TestPost" */;
			compatibilityVersion = "Xcode 13.0";
			developmentRegion = en;
			hasScannedForEncodings = 0;
			knownRegions = (
				en,
				Base,
			);
			mainGroup = AA4B833827D6DEDD00445E5A;
			productRefGroup = AA4B834227D6DEDD00445E5A /* Products */;
			projectDirPath = "";
			projectRoot = "";
			targets = (
				AA4B834027D6DEDD00445E5A /* TestPost */,
			);
		};
/* End PBXProject section */

/* Begin PBXResourcesBuildPhase section */
		AA4B833F27D6DEDD00445E5A /* Resources */ = {
			isa = PBXResourcesBuildPhase;
			buildActionMask = 2147483647;
			files = (
				AA4B839227D6FFA500445E5A /* HomePostTableViewCell.xib in Resources */,
				AA99286327D70DF6006286F6 /* AlbumViewController.xib in Resources */,
				AA4B838527D6F41500445E5A /* LoadingIndicatorViewController.xib in Resources */,
				AA4B835127D6DEDF00445E5A /* LaunchScreen.storyboard in Resources */,
				AA4002FE27D71CE0009ECD16 /* AlbumCollectionViewCell.xib in Resources */,
				AA4B834E27D6DEDF00445E5A /* Assets.xcassets in Resources */,
				AA4B834C27D6DEDD00445E5A /* Main.storyboard in Resources */,
				AA40030327D7211C009ECD16 /* CommentsViewController.xib in Resources */,
				AA4B836D27D6E88100445E5A /* HomeViewController.xib in Resources */,
				AA40032127D7A7B7009ECD16 /* CommentsTableViewCell.xib in Resources */,
			);
			runOnlyForDeploymentPostprocessing = 0;
		};
/* End PBXResourcesBuildPhase section */

/* Begin PBXShellScriptBuildPhase section */
		7E3488680877DA9411C7E15C /* [CP] Check Pods Manifest.lock */ = {
			isa = PBXShellScriptBuildPhase;
			buildActionMask = 2147483647;
			files = (
			);
			inputFileListPaths = (
			);
			inputPaths = (
				"${PODS_PODFILE_DIR_PATH}/Podfile.lock",
				"${PODS_ROOT}/Manifest.lock",
			);
			name = "[CP] Check Pods Manifest.lock";
			outputFileListPaths = (
			);
			outputPaths = (
				"$(DERIVED_FILE_DIR)/Pods-TestPost-checkManifestLockResult.txt",
			);
			runOnlyForDeploymentPostprocessing = 0;
			shellPath = /bin/sh;
			shellScript = "diff \"${PODS_PODFILE_DIR_PATH}/Podfile.lock\" \"${PODS_ROOT}/Manifest.lock\" > /dev/null\nif [ $? != 0 ] ; then\n    # print error to STDERR\n    echo \"error: The sandbox is not in sync with the Podfile.lock. Run 'pod install' or update your CocoaPods installation.\" >&2\n    exit 1\nfi\n# This output is used by Xcode 'outputs' to avoid re-running this script phase.\necho \"SUCCESS\" > \"${SCRIPT_OUTPUT_FILE_0}\"\n";
			showEnvVarsInLog = 0;
		};
		85CE22EB490B6AEF83B7CFD5 /* [CP] Embed Pods Frameworks */ = {
			isa = PBXShellScriptBuildPhase;
			buildActionMask = 2147483647;
			files = (
			);
			inputFileListPaths = (
				"${PODS_ROOT}/Target Support Files/Pods-TestPost/Pods-TestPost-frameworks-${CONFIGURATION}-input-files.xcfilelist",
			);
			name = "[CP] Embed Pods Frameworks";
			outputFileListPaths = (
				"${PODS_ROOT}/Target Support Files/Pods-TestPost/Pods-TestPost-frameworks-${CONFIGURATION}-output-files.xcfilelist",
			);
			runOnlyForDeploymentPostprocessing = 0;
			shellPath = /bin/sh;
			shellScript = "\"${PODS_ROOT}/Target Support Files/Pods-TestPost/Pods-TestPost-frameworks.sh\"\n";
			showEnvVarsInLog = 0;
		};
/* End PBXShellScriptBuildPhase section */

/* Begin PBXSourcesBuildPhase section */
		AA4B833D27D6DEDD00445E5A /* Sources */ = {
			isa = PBXSourcesBuildPhase;
			buildActionMask = 2147483647;
			files = (
				AA99286527D70E1B006286F6 /* AlbumPresenter.swift in Sources */,
				AA4B838027D6EAFA00445E5A /* CMSettings.swift in Sources */,
				AA4B838B27D6FD3A00445E5A /* PostTextField.swift in Sources */,
				AA4B837C27D6E9E500445E5A /* HomeEnpoint.swift in Sources */,
				AA40031C27D7A12D009ECD16 /* UINavigationController+LH.swift in Sources */,
				AA40031027D722F5009ECD16 /* CommentsApi.swift in Sources */,
				AA4B836F27D6E8F300445E5A /* HomePresenter.swift in Sources */,
				AA40031A27D79B57009ECD16 /* LHView.swift in Sources */,
				AA40031827D79B37009ECD16 /* LHImageView.swift in Sources */,
				AA4B837327D6E95500445E5A /* HomeModels.swift in Sources */,
				AA99286727D70E36006286F6 /* AlbumInteractor.swift in Sources */,
				AA99286227D70DF6006286F6 /* AlbumViewController.swift in Sources */,
				AA4B834927D6DEDD00445E5A /* BaseViewController.swift in Sources */,
				AA99286E27D70E79006286F6 /* AlbumRouter.swift in Sources */,
				AA4002FD27D71CE0009ECD16 /* AlbumCollectionViewCell.swift in Sources */,
				AA40030B27D7216C009ECD16 /* CommentsError.swift in Sources */,
				AA99287327D710A5006286F6 /* AlbumEnpoint.swift in Sources */,
				AA40031627D79471009ECD16 /* UIImageView+LH.swift in Sources */,
				AA99287127D71095006286F6 /* AlbumApi.swift in Sources */,
				AA4B837527D6E96800445E5A /* HomeError.swift in Sources */,
				AA4B834527D6DEDD00445E5A /* AppDelegate.swift in Sources */,
				AA40030727D72150009ECD16 /* CommentsPresenter.swift in Sources */,
				AA4B837E27D6E9FD00445E5A /* NetworkService.swift in Sources */,
				AA40030D27D7217B009ECD16 /* CommentsRouter.swift in Sources */,
				AA40032027D7A7B7009ECD16 /* CommentsTableViewCell.swift in Sources */,
				AA99286B27D70E5E006286F6 /* AlbumError.swift in Sources */,
				AA4B837127D6E91D00445E5A /* HomeInteractor.swift in Sources */,
				AA4B838427D6F41500445E5A /* LoadingIndicatorViewController.swift in Sources */,
				AA4B836627D6E79600445E5A /* GeneralRoute.swift in Sources */,
				AA40030227D7211C009ECD16 /* CommentsViewController.swift in Sources */,
				AA4B836827D6E7DD00445E5A /* AppRouter.swift in Sources */,
				AA99286927D70E4B006286F6 /* AlbumModels.swift in Sources */,
				AA4B834727D6DEDD00445E5A /* SceneDelegate.swift in Sources */,
				AA4B838727D6F47200445E5A /* UIViewController+LH.swift in Sources */,
				AA4B839127D6FFA500445E5A /* HomePostTableViewCell.swift in Sources */,
				AA40030927D7215F009ECD16 /* CommentsModels.swift in Sources */,
				AA4B836C27D6E88100445E5A /* HomeViewController.swift in Sources */,
				AA40030527D72143009ECD16 /* CommentsInteractor.swift in Sources */,
				AA4B837727D6E97700445E5A /* HomeRouter.swift in Sources */,
				AA40031227D72304009ECD16 /* CommentsEnpoint.swift in Sources */,
				AA4B837A27D6E9CF00445E5A /* HomeApi.swift in Sources */,
			);
			runOnlyForDeploymentPostprocessing = 0;
		};
/* End PBXSourcesBuildPhase section */

/* Begin PBXVariantGroup section */
		AA4B834A27D6DEDD00445E5A /* Main.storyboard */ = {
			isa = PBXVariantGroup;
			children = (
				AA4B834B27D6DEDD00445E5A /* Base */,
			);
			name = Main.storyboard;
			sourceTree = "<group>";
		};
		AA4B834F27D6DEDF00445E5A /* LaunchScreen.storyboard */ = {
			isa = PBXVariantGroup;
			children = (
				AA4B835027D6DEDF00445E5A /* Base */,
			);
			name = LaunchScreen.storyboard;
			sourceTree = "<group>";
		};
/* End PBXVariantGroup section */

/* Begin XCBuildConfiguration section */
		AA4B835327D6DEDF00445E5A /* Debug */ = {
			isa = XCBuildConfiguration;
			buildSettings = {
				ALWAYS_SEARCH_USER_PATHS = NO;
				CLANG_ANALYZER_NONNULL = YES;
				CLANG_ANALYZER_NUMBER_OBJECT_CONVERSION = YES_AGGRESSIVE;
				CLANG_CXX_LANGUAGE_STANDARD = "gnu++17";
				CLANG_CXX_LIBRARY = "libc++";
				CLANG_ENABLE_MODULES = YES;
				CLANG_ENABLE_OBJC_ARC = YES;
				CLANG_ENABLE_OBJC_WEAK = YES;
				CLANG_WARN_BLOCK_CAPTURE_AUTORELEASING = YES;
				CLANG_WARN_BOOL_CONVERSION = YES;
				CLANG_WARN_COMMA = YES;
				CLANG_WARN_CONSTANT_CONVERSION = YES;
				CLANG_WARN_DEPRECATED_OBJC_IMPLEMENTATIONS = YES;
				CLANG_WARN_DIRECT_OBJC_ISA_USAGE = YES_ERROR;
				CLANG_WARN_DOCUMENTATION_COMMENTS = YES;
				CLANG_WARN_EMPTY_BODY = YES;
				CLANG_WARN_ENUM_CONVERSION = YES;
				CLANG_WARN_INFINITE_RECURSION = YES;
				CLANG_WARN_INT_CONVERSION = YES;
				CLANG_WARN_NON_LITERAL_NULL_CONVERSION = YES;
				CLANG_WARN_OBJC_IMPLICIT_RETAIN_SELF = YES;
				CLANG_WARN_OBJC_LITERAL_CONVERSION = YES;
				CLANG_WARN_OBJC_ROOT_CLASS = YES_ERROR;
				CLANG_WARN_QUOTED_INCLUDE_IN_FRAMEWORK_HEADER = YES;
				CLANG_WARN_RANGE_LOOP_ANALYSIS = YES;
				CLANG_WARN_STRICT_PROTOTYPES = YES;
				CLANG_WARN_SUSPICIOUS_MOVE = YES;
				CLANG_WARN_UNGUARDED_AVAILABILITY = YES_AGGRESSIVE;
				CLANG_WARN_UNREACHABLE_CODE = YES;
				CLANG_WARN__DUPLICATE_METHOD_MATCH = YES;
				COPY_PHASE_STRIP = NO;
				DEBUG_INFORMATION_FORMAT = dwarf;
				ENABLE_STRICT_OBJC_MSGSEND = YES;
				ENABLE_TESTABILITY = YES;
				GCC_C_LANGUAGE_STANDARD = gnu11;
				GCC_DYNAMIC_NO_PIC = NO;
				GCC_NO_COMMON_BLOCKS = YES;
				GCC_OPTIMIZATION_LEVEL = 0;
				GCC_PREPROCESSOR_DEFINITIONS = (
					"DEBUG=1",
					"$(inherited)",
				);
				GCC_WARN_64_TO_32_BIT_CONVERSION = YES;
				GCC_WARN_ABOUT_RETURN_TYPE = YES_ERROR;
				GCC_WARN_UNDECLARED_SELECTOR = YES;
				GCC_WARN_UNINITIALIZED_AUTOS = YES_AGGRESSIVE;
				GCC_WARN_UNUSED_FUNCTION = YES;
				GCC_WARN_UNUSED_VARIABLE = YES;
				IPHONEOS_DEPLOYMENT_TARGET = 15.2;
				MTL_ENABLE_DEBUG_INFO = INCLUDE_SOURCE;
				MTL_FAST_MATH = YES;
				ONLY_ACTIVE_ARCH = YES;
				SDKROOT = iphoneos;
				SWIFT_ACTIVE_COMPILATION_CONDITIONS = DEBUG;
				SWIFT_OPTIMIZATION_LEVEL = "-Onone";
			};
			name = Debug;
		};
		AA4B835427D6DEDF00445E5A /* Release */ = {
			isa = XCBuildConfiguration;
			buildSettings = {
				ALWAYS_SEARCH_USER_PATHS = NO;
				CLANG_ANALYZER_NONNULL = YES;
				CLANG_ANALYZER_NUMBER_OBJECT_CONVERSION = YES_AGGRESSIVE;
				CLANG_CXX_LANGUAGE_STANDARD = "gnu++17";
				CLANG_CXX_LIBRARY = "libc++";
				CLANG_ENABLE_MODULES = YES;
				CLANG_ENABLE_OBJC_ARC = YES;
				CLANG_ENABLE_OBJC_WEAK = YES;
				CLANG_WARN_BLOCK_CAPTURE_AUTORELEASING = YES;
				CLANG_WARN_BOOL_CONVERSION = YES;
				CLANG_WARN_COMMA = YES;
				CLANG_WARN_CONSTANT_CONVERSION = YES;
				CLANG_WARN_DEPRECATED_OBJC_IMPLEMENTATIONS = YES;
				CLANG_WARN_DIRECT_OBJC_ISA_USAGE = YES_ERROR;
				CLANG_WARN_DOCUMENTATION_COMMENTS = YES;
				CLANG_WARN_EMPTY_BODY = YES;
				CLANG_WARN_ENUM_CONVERSION = YES;
				CLANG_WARN_INFINITE_RECURSION = YES;
				CLANG_WARN_INT_CONVERSION = YES;
				CLANG_WARN_NON_LITERAL_NULL_CONVERSION = YES;
				CLANG_WARN_OBJC_IMPLICIT_RETAIN_SELF = YES;
				CLANG_WARN_OBJC_LITERAL_CONVERSION = YES;
				CLANG_WARN_OBJC_ROOT_CLASS = YES_ERROR;
				CLANG_WARN_QUOTED_INCLUDE_IN_FRAMEWORK_HEADER = YES;
				CLANG_WARN_RANGE_LOOP_ANALYSIS = YES;
				CLANG_WARN_STRICT_PROTOTYPES = YES;
				CLANG_WARN_SUSPICIOUS_MOVE = YES;
				CLANG_WARN_UNGUARDED_AVAILABILITY = YES_AGGRESSIVE;
				CLANG_WARN_UNREACHABLE_CODE = YES;
				CLANG_WARN__DUPLICATE_METHOD_MATCH = YES;
				COPY_PHASE_STRIP = NO;
				DEBUG_INFORMATION_FORMAT = "dwarf-with-dsym";
				ENABLE_NS_ASSERTIONS = NO;
				ENABLE_STRICT_OBJC_MSGSEND = YES;
				GCC_C_LANGUAGE_STANDARD = gnu11;
				GCC_NO_COMMON_BLOCKS = YES;
				GCC_WARN_64_TO_32_BIT_CONVERSION = YES;
				GCC_WARN_ABOUT_RETURN_TYPE = YES_ERROR;
				GCC_WARN_UNDECLARED_SELECTOR = YES;
				GCC_WARN_UNINITIALIZED_AUTOS = YES_AGGRESSIVE;
				GCC_WARN_UNUSED_FUNCTION = YES;
				GCC_WARN_UNUSED_VARIABLE = YES;
				IPHONEOS_DEPLOYMENT_TARGET = 15.2;
				MTL_ENABLE_DEBUG_INFO = NO;
				MTL_FAST_MATH = YES;
				SDKROOT = iphoneos;
				SWIFT_COMPILATION_MODE = wholemodule;
				SWIFT_OPTIMIZATION_LEVEL = "-O";
				VALIDATE_PRODUCT = YES;
			};
			name = Release;
		};
		AA4B835627D6DEDF00445E5A /* Debug */ = {
			isa = XCBuildConfiguration;
			baseConfigurationReference = 0C8DB1D654F00D6F13E9F699 /* Pods-TestPost.debug.xcconfig */;
			buildSettings = {
				ASSETCATALOG_COMPILER_APPICON_NAME = AppIcon;
				ASSETCATALOG_COMPILER_GLOBAL_ACCENT_COLOR_NAME = AccentColor;
				CODE_SIGN_STYLE = Automatic;
				CURRENT_PROJECT_VERSION = 1;
				DEVELOPMENT_TEAM = MY92G7T865;
				GENERATE_INFOPLIST_FILE = YES;
				INFOPLIST_FILE = TestPost/Info.plist;
				INFOPLIST_KEY_UIApplicationSupportsIndirectInputEvents = YES;
				INFOPLIST_KEY_UILaunchStoryboardName = LaunchScreen;
				INFOPLIST_KEY_UIMainStoryboardFile = Main;
				INFOPLIST_KEY_UISupportedInterfaceOrientations_iPad = "UIInterfaceOrientationPortrait UIInterfaceOrientationPortraitUpsideDown UIInterfaceOrientationLandscapeLeft UIInterfaceOrientationLandscapeRight";
				INFOPLIST_KEY_UISupportedInterfaceOrientations_iPhone = "UIInterfaceOrientationPortrait UIInterfaceOrientationLandscapeLeft UIInterfaceOrientationLandscapeRight";
				LD_RUNPATH_SEARCH_PATHS = (
					"$(inherited)",
					"@executable_path/Frameworks",
				);
				MARKETING_VERSION = 1.0;
				PRODUCT_BUNDLE_IDENTIFIER = com.TestPost.TestPost;
				PRODUCT_NAME = "$(TARGET_NAME)";
				SWIFT_EMIT_LOC_STRINGS = YES;
				SWIFT_VERSION = 5.0;
				TARGETED_DEVICE_FAMILY = "1,2";
			};
			name = Debug;
		};
		AA4B835727D6DEDF00445E5A /* Release */ = {
			isa = XCBuildConfiguration;
			baseConfigurationReference = 6B12FBFA18FE471B1BE42613 /* Pods-TestPost.release.xcconfig */;
			buildSettings = {
				ASSETCATALOG_COMPILER_APPICON_NAME = AppIcon;
				ASSETCATALOG_COMPILER_GLOBAL_ACCENT_COLOR_NAME = AccentColor;
				CODE_SIGN_STYLE = Automatic;
				CURRENT_PROJECT_VERSION = 1;
				DEVELOPMENT_TEAM = MY92G7T865;
				GENERATE_INFOPLIST_FILE = YES;
				INFOPLIST_FILE = TestPost/Info.plist;
				INFOPLIST_KEY_UIApplicationSupportsIndirectInputEvents = YES;
				INFOPLIST_KEY_UILaunchStoryboardName = LaunchScreen;
				INFOPLIST_KEY_UIMainStoryboardFile = Main;
				INFOPLIST_KEY_UISupportedInterfaceOrientations_iPad = "UIInterfaceOrientationPortrait UIInterfaceOrientationPortraitUpsideDown UIInterfaceOrientationLandscapeLeft UIInterfaceOrientationLandscapeRight";
				INFOPLIST_KEY_UISupportedInterfaceOrientations_iPhone = "UIInterfaceOrientationPortrait UIInterfaceOrientationLandscapeLeft UIInterfaceOrientationLandscapeRight";
				LD_RUNPATH_SEARCH_PATHS = (
					"$(inherited)",
					"@executable_path/Frameworks",
				);
				MARKETING_VERSION = 1.0;
				PRODUCT_BUNDLE_IDENTIFIER = com.TestPost.TestPost;
				PRODUCT_NAME = "$(TARGET_NAME)";
				SWIFT_EMIT_LOC_STRINGS = YES;
				SWIFT_VERSION = 5.0;
				TARGETED_DEVICE_FAMILY = "1,2";
			};
			name = Release;
		};
/* End XCBuildConfiguration section */

/* Begin XCConfigurationList section */
		AA4B833C27D6DEDD00445E5A /* Build configuration list for PBXProject "TestPost" */ = {
			isa = XCConfigurationList;
			buildConfigurations = (
				AA4B835327D6DEDF00445E5A /* Debug */,
				AA4B835427D6DEDF00445E5A /* Release */,
			);
			defaultConfigurationIsVisible = 0;
			defaultConfigurationName = Release;
		};
		AA4B835527D6DEDF00445E5A /* Build configuration list for PBXNativeTarget "TestPost" */ = {
			isa = XCConfigurationList;
			buildConfigurations = (
				AA4B835627D6DEDF00445E5A /* Debug */,
				AA4B835727D6DEDF00445E5A /* Release */,
			);
			defaultConfigurationIsVisible = 0;
			defaultConfigurationName = Release;
		};
/* End XCConfigurationList section */
	};
	rootObject = AA4B833927D6DEDD00445E5A /* Project object */;
}
